hash: 6981d8537bc51b6ef9f1fbcd11c9b529d29eef5f5b343cae19f72e753ed7d75f
updated: 2016-09-15T14:38:22.118174629+08:00
imports:
- name: github.com/inconshreveable/mousetrap
  version: 76626ae9c91c4f2a10f34cad8ce83ea42c93bb75
- name: github.com/spf13/cobra
  version: 9c28e4bbd74e5c3ed7aacbc552b2cab7cfdfe744
  subpackages:
  - cobra
- name: github.com/spf13/pflag
  version: 7b17cc4658ef5ca157b986ea5c0b43af7938532b
- name: github.com/urfave/cli
  version: a14d7d367bc02b1f57d88de97926727f2d936387
testImports: []
